// !$*UTF8*$!
{
	archiveVersion = 1;
	classes = {
	};
	objectVersion = 51;
	objects = {

/* Begin PBXBuildFile section */
		046049A724B964FD0079B78B /* LoginViewController.m in Sources */ = {isa = PBXBuildFile; fileRef = 046049A524B964FD0079B78B /* LoginViewController.m */; };
		046049AC24B965E70079B78B /* LoginView.m in Sources */ = {isa = PBXBuildFile; fileRef = 046049AB24B965E70079B78B /* LoginView.m */; };
		046049B024B970160079B78B /* PeiZhiViewController.m in Sources */ = {isa = PBXBuildFile; fileRef = 046049AF24B970160079B78B /* PeiZhiViewController.m */; };
		046049B724B980940079B78B /* MainHomeViewController.m in Sources */ = {isa = PBXBuildFile; fileRef = 046049B624B980940079B78B /* MainHomeViewController.m */; };
		046049BA24B980A30079B78B /* MainShiShiJianCeViewController.m in Sources */ = {isa = PBXBuildFile; fileRef = 046049B924B980A30079B78B /* MainShiShiJianCeViewController.m */; };
		046049BD24B980AF0079B78B /* MainTongJiFenXiViewController.m in Sources */ = {isa = PBXBuildFile; fileRef = 046049BC24B980AF0079B78B /* MainTongJiFenXiViewController.m */; };
		046049C024B980BB0079B78B /* MainMyViewController.m in Sources */ = {isa = PBXBuildFile; fileRef = 046049BF24B980BB0079B78B /* MainMyViewController.m */; };
		046049C424B986290079B78B /* MainHomeView.m in Sources */ = {isa = PBXBuildFile; fileRef = 046049C324B986290079B78B /* MainHomeView.m */; };
		046049C824B9869E0079B78B /* HomeCollectionViewCell.m in Sources */ = {isa = PBXBuildFile; fileRef = 046049C624B9869E0079B78B /* HomeCollectionViewCell.m */; };
		046049D424B990ED0079B78B /* CCPScrollView.m in Sources */ = {isa = PBXBuildFile; fileRef = 046049CB24B990ED0079B78B /* CCPScrollView.m */; };
		046049D524B990ED0079B78B /* UIView+CCPExtension.m in Sources */ = {isa = PBXBuildFile; fileRef = 046049CD24B990ED0079B78B /* UIView+CCPExtension.m */; };
		046049D624B990ED0079B78B /* CCPActionSheetCell.xib in Resources */ = {isa = PBXBuildFile; fileRef = 046049D024B990ED0079B78B /* CCPActionSheetCell.xib */; };
		046049D724B990ED0079B78B /* CCPActionSheetView.m in Sources */ = {isa = PBXBuildFile; fileRef = 046049D224B990ED0079B78B /* CCPActionSheetView.m */; };
		046049D824B990ED0079B78B /* CCPActionSheetCell.m in Sources */ = {isa = PBXBuildFile; fileRef = 046049D324B990ED0079B78B /* CCPActionSheetCell.m */; };
		046049DB24B9945F0079B78B /* ImagePlayerView.m in Sources */ = {isa = PBXBuildFile; fileRef = 046049D924B9945E0079B78B /* ImagePlayerView.m */; };
		046049DE24B996430079B78B /* HomeJinRiYuJinView.m in Sources */ = {isa = PBXBuildFile; fileRef = 046049DD24B996430079B78B /* HomeJinRiYuJinView.m */; };
		046049E124B99A2A0079B78B /* HomeZhiBanTongJiView.m in Sources */ = {isa = PBXBuildFile; fileRef = 046049E024B99A2A0079B78B /* HomeZhiBanTongJiView.m */; };
		046049E624B99ABC0079B78B /* RiLiDayCollectionViewCell.m in Sources */ = {isa = PBXBuildFile; fileRef = 046049E324B99ABB0079B78B /* RiLiDayCollectionViewCell.m */; };
		046049E724B99ABC0079B78B /* RiLiZhouCollectionViewCell.m in Sources */ = {isa = PBXBuildFile; fileRef = 046049E524B99ABC0079B78B /* RiLiZhouCollectionViewCell.m */; };
		046049EB24B9B27E0079B78B /* MainMyTableViewCell.m in Sources */ = {isa = PBXBuildFile; fileRef = 046049EA24B9B27E0079B78B /* MainMyTableViewCell.m */; };
		046049EF24B9B7060079B78B /* ZiDingYiPeiZhiViewController.m in Sources */ = {isa = PBXBuildFile; fileRef = 046049EE24B9B7060079B78B /* ZiDingYiPeiZhiViewController.m */; };
		046049F324B9B8560079B78B /* ZiDingYiPeiZhiHeaderView.m in Sources */ = {isa = PBXBuildFile; fileRef = 046049F224B9B8560079B78B /* ZiDingYiPeiZhiHeaderView.m */; };
		046049FA24B9BCEF0079B78B /* ZiDingYiPeiZhiModel.m in Sources */ = {isa = PBXBuildFile; fileRef = 046049F924B9BCEF0079B78B /* ZiDingYiPeiZhiModel.m */; };
		046049FD24B9BD730079B78B /* ZiDingYiPeiZhiCollectionViewCell.m in Sources */ = {isa = PBXBuildFile; fileRef = 046049FC24B9BD730079B78B /* ZiDingYiPeiZhiCollectionViewCell.m */; };
		04613DDE24B8964D009CD89D /* AppDelegate.m in Sources */ = {isa = PBXBuildFile; fileRef = 04613DDD24B8964D009CD89D /* AppDelegate.m */; };
		04613DE424B8964D009CD89D /* ViewController.m in Sources */ = {isa = PBXBuildFile; fileRef = 04613DE324B8964D009CD89D /* ViewController.m */; };
		04613DE724B8964D009CD89D /* Main.storyboard in Resources */ = {isa = PBXBuildFile; fileRef = 04613DE524B8964D009CD89D /* Main.storyboard */; };
		04613DE924B89650009CD89D /* Assets.xcassets in Resources */ = {isa = PBXBuildFile; fileRef = 04613DE824B89650009CD89D /* Assets.xcassets */; };
		04613DEC24B89650009CD89D /* LaunchScreen.storyboard in Resources */ = {isa = PBXBuildFile; fileRef = 04613DEA24B89650009CD89D /* LaunchScreen.storyboard */; };
		04613DEF24B89650009CD89D /* main.m in Sources */ = {isa = PBXBuildFile; fileRef = 04613DEE24B89650009CD89D /* main.m */; };
		04613E0C24B89A3F009CD89D /* VTContentView.m in Sources */ = {isa = PBXBuildFile; fileRef = 04613DF824B89A3F009CD89D /* VTContentView.m */; };
		04613E0D24B89A3F009CD89D /* VTMagicController.m in Sources */ = {isa = PBXBuildFile; fileRef = 04613DFE24B89A3F009CD89D /* VTMagicController.m */; };
		04613E0E24B89A3F009CD89D /* VTMenuBar.m in Sources */ = {isa = PBXBuildFile; fileRef = 04613E0024B89A3F009CD89D /* VTMenuBar.m */; };
		04613E0F24B89A3F009CD89D /* UIButton+VTMagic.m in Sources */ = {isa = PBXBuildFile; fileRef = 04613E0324B89A3F009CD89D /* UIButton+VTMagic.m */; };
		04613E1024B89A3F009CD89D /* UIScrollView+VTMagic.m in Sources */ = {isa = PBXBuildFile; fileRef = 04613E0424B89A3F009CD89D /* UIScrollView+VTMagic.m */; };
		04613E1124B89A3F009CD89D /* UIColor+VTMagic.m in Sources */ = {isa = PBXBuildFile; fileRef = 04613E0524B89A3F009CD89D /* UIColor+VTMagic.m */; };
		04613E1224B89A3F009CD89D /* VTMagicView.m in Sources */ = {isa = PBXBuildFile; fileRef = 04613E0624B89A3F009CD89D /* VTMagicView.m */; };
		04613E1324B89A3F009CD89D /* UIViewController+VTMagic.m in Sources */ = {isa = PBXBuildFile; fileRef = 04613E0724B89A3F009CD89D /* UIViewController+VTMagic.m */; };
		04613E3D24B89A5E009CD89D /* NSDate+compare.m in Sources */ = {isa = PBXBuildFile; fileRef = 04613E1A24B89A5E009CD89D /* NSDate+compare.m */; };
		04613E3E24B89A5E009CD89D /* UITextView+Placeholder.m in Sources */ = {isa = PBXBuildFile; fileRef = 04613E1B24B89A5E009CD89D /* UITextView+Placeholder.m */; };
		04613E3F24B89A5E009CD89D /* UIColor+Hex.m in Sources */ = {isa = PBXBuildFile; fileRef = 04613E1C24B89A5E009CD89D /* UIColor+Hex.m */; };
		04613E4024B89A5E009CD89D /* UINavigationBar+FixMargin.m in Sources */ = {isa = PBXBuildFile; fileRef = 04613E1E24B89A5E009CD89D /* UINavigationBar+FixMargin.m */; };
		04613E4124B89A5E009CD89D /* UIView+Additions.m in Sources */ = {isa = PBXBuildFile; fileRef = 04613E1F24B89A5E009CD89D /* UIView+Additions.m */; };
		04613E4224B89A5E009CD89D /* UIButton+HQCustomIcon.m in Sources */ = {isa = PBXBuildFile; fileRef = 04613E2124B89A5E009CD89D /* UIButton+HQCustomIcon.m */; };
		04613E4324B89A5E009CD89D /* UIView+UIViewExt.m in Sources */ = {isa = PBXBuildFile; fileRef = 04613E2424B89A5E009CD89D /* UIView+UIViewExt.m */; };
		04613E4424B89A5E009CD89D /* NSString+extend.m in Sources */ = {isa = PBXBuildFile; fileRef = 04613E2824B89A5E009CD89D /* NSString+extend.m */; };
		04613E4524B89A5E009CD89D /* UIImage+ExtensionScal.m in Sources */ = {isa = PBXBuildFile; fileRef = 04613E2A24B89A5E009CD89D /* UIImage+ExtensionScal.m */; };
		04613E4624B89A5E009CD89D /* UIView+Extension.m in Sources */ = {isa = PBXBuildFile; fileRef = 04613E2D24B89A5E009CD89D /* UIView+Extension.m */; };
		04613E4724B89A5E009CD89D /* UITabBar+badge.m in Sources */ = {isa = PBXBuildFile; fileRef = 04613E2E24B89A5E009CD89D /* UITabBar+badge.m */; };
		04613E4824B89A5E009CD89D /* RootViewController.m in Sources */ = {isa = PBXBuildFile; fileRef = 04613E3124B89A5E009CD89D /* RootViewController.m */; };
		04613E4924B89A5E009CD89D /* WYTools.m in Sources */ = {isa = PBXBuildFile; fileRef = 04613E3224B89A5E009CD89D /* WYTools.m */; };
		04613E4A24B89A5E009CD89D /* RootTableViewController.m in Sources */ = {isa = PBXBuildFile; fileRef = 04613E3324B89A5E009CD89D /* RootTableViewController.m */; };
		04613E4B24B89A5E009CD89D /* PGGTabBarViewControllerConfig.m in Sources */ = {isa = PBXBuildFile; fileRef = 04613E3424B89A5E009CD89D /* PGGTabBarViewControllerConfig.m */; };
		04613E4C24B89A5E009CD89D /* WYCamaImageTools.m in Sources */ = {isa = PBXBuildFile; fileRef = 04613E3824B89A5E009CD89D /* WYCamaImageTools.m */; };
		04613E4D24B89A5E009CD89D /* TabBarControllerConfig.m in Sources */ = {isa = PBXBuildFile; fileRef = 04613E3C24B89A5E009CD89D /* TabBarControllerConfig.m */; };
		04613E5224B89B9F009CD89D /* HTTPManager.m in Sources */ = {isa = PBXBuildFile; fileRef = 04613E5124B89B9F009CD89D /* HTTPManager.m */; };
		04613E5524B89BD5009CD89D /* MDB_ShareExstensionUserDefault.m in Sources */ = {isa = PBXBuildFile; fileRef = 04613E5424B89BD5009CD89D /* MDB_ShareExstensionUserDefault.m */; };
		04613E5924B89C10009CD89D /* BDKNotifyHUD.m in Sources */ = {isa = PBXBuildFile; fileRef = 04613E5824B89C10009CD89D /* BDKNotifyHUD.m */; };
		04613E5D24B89C37009CD89D /* GMDCircleLoader.m in Sources */ = {isa = PBXBuildFile; fileRef = 04613E5C24B89C37009CD89D /* GMDCircleLoader.m */; };
		6DFF105506D9328256308EC4 /* libPods-ShuiKu.a in Frameworks */ = {isa = PBXBuildFile; fileRef = 28F2B12DD225C9B127948DFC /* libPods-ShuiKu.a */; };
/* End PBXBuildFile section */

/* Begin PBXFileReference section */
		046049A424B964FD0079B78B /* LoginViewController.h */ = {isa = PBXFileReference; lastKnownFileType = sourcecode.c.h; path = LoginViewController.h; sourceTree = "<group>"; };
		046049A524B964FD0079B78B /* LoginViewController.m */ = {isa = PBXFileReference; lastKnownFileType = sourcecode.c.objc; path = LoginViewController.m; sourceTree = "<group>"; };
		046049AA24B965E70079B78B /* LoginView.h */ = {isa = PBXFileReference; lastKnownFileType = sourcecode.c.h; path = LoginView.h; sourceTree = "<group>"; };
		046049AB24B965E70079B78B /* LoginView.m */ = {isa = PBXFileReference; lastKnownFileType = sourcecode.c.objc; path = LoginView.m; sourceTree = "<group>"; };
		046049AE24B970160079B78B /* PeiZhiViewController.h */ = {isa = PBXFileReference; lastKnownFileType = sourcecode.c.h; path = PeiZhiViewController.h; sourceTree = "<group>"; };
		046049AF24B970160079B78B /* PeiZhiViewController.m */ = {isa = PBXFileReference; lastKnownFileType = sourcecode.c.objc; path = PeiZhiViewController.m; sourceTree = "<group>"; };
		046049B524B980940079B78B /* MainHomeViewController.h */ = {isa = PBXFileReference; lastKnownFileType = sourcecode.c.h; path = MainHomeViewController.h; sourceTree = "<group>"; };
		046049B624B980940079B78B /* MainHomeViewController.m */ = {isa = PBXFileReference; lastKnownFileType = sourcecode.c.objc; path = MainHomeViewController.m; sourceTree = "<group>"; };
		046049B824B980A30079B78B /* MainShiShiJianCeViewController.h */ = {isa = PBXFileReference; lastKnownFileType = sourcecode.c.h; path = MainShiShiJianCeViewController.h; sourceTree = "<group>"; };
		046049B924B980A30079B78B /* MainShiShiJianCeViewController.m */ = {isa = PBXFileReference; lastKnownFileType = sourcecode.c.objc; path = MainShiShiJianCeViewController.m; sourceTree = "<group>"; };
		046049BB24B980AF0079B78B /* MainTongJiFenXiViewController.h */ = {isa = PBXFileReference; lastKnownFileType = sourcecode.c.h; path = MainTongJiFenXiViewController.h; sourceTree = "<group>"; };
		046049BC24B980AF0079B78B /* MainTongJiFenXiViewController.m */ = {isa = PBXFileReference; lastKnownFileType = sourcecode.c.objc; path = MainTongJiFenXiViewController.m; sourceTree = "<group>"; };
		046049BE24B980BB0079B78B /* MainMyViewController.h */ = {isa = PBXFileReference; lastKnownFileType = sourcecode.c.h; path = MainMyViewController.h; sourceTree = "<group>"; };
		046049BF24B980BB0079B78B /* MainMyViewController.m */ = {isa = PBXFileReference; lastKnownFileType = sourcecode.c.objc; path = MainMyViewController.m; sourceTree = "<group>"; };
		046049C224B986290079B78B /* MainHomeView.h */ = {isa = PBXFileReference; lastKnownFileType = sourcecode.c.h; path = MainHomeView.h; sourceTree = "<group>"; };
		046049C324B986290079B78B /* MainHomeView.m */ = {isa = PBXFileReference; lastKnownFileType = sourcecode.c.objc; path = MainHomeView.m; sourceTree = "<group>"; };
		046049C624B9869E0079B78B /* HomeCollectionViewCell.m */ = {isa = PBXFileReference; fileEncoding = 4; lastKnownFileType = sourcecode.c.objc; path = HomeCollectionViewCell.m; sourceTree = "<group>"; };
		046049C724B9869E0079B78B /* HomeCollectionViewCell.h */ = {isa = PBXFileReference; fileEncoding = 4; lastKnownFileType = sourcecode.c.h; path = HomeCollectionViewCell.h; sourceTree = "<group>"; };
		046049CA24B990ED0079B78B /* CCPScrollView.h */ = {isa = PBXFileReference; fileEncoding = 4; lastKnownFileType = sourcecode.c.h; path = CCPScrollView.h; sourceTree = "<group>"; };
		046049CB24B990ED0079B78B /* CCPScrollView.m */ = {isa = PBXFileReference; fileEncoding = 4; lastKnownFileType = sourcecode.c.objc; path = CCPScrollView.m; sourceTree = "<group>"; };
		046049CD24B990ED0079B78B /* UIView+CCPExtension.m */ = {isa = PBXFileReference; fileEncoding = 4; lastKnownFileType = sourcecode.c.objc; path = "UIView+CCPExtension.m"; sourceTree = "<group>"; };
		046049CE24B990ED0079B78B /* CCPActionSheetView.h */ = {isa = PBXFileReference; fileEncoding = 4; lastKnownFileType = sourcecode.c.h; path = CCPActionSheetView.h; sourceTree = "<group>"; };
		046049CF24B990ED0079B78B /* CCPActionSheetCell.h */ = {isa = PBXFileReference; fileEncoding = 4; lastKnownFileType = sourcecode.c.h; path = CCPActionSheetCell.h; sourceTree = "<group>"; };
		046049D024B990ED0079B78B /* CCPActionSheetCell.xib */ = {isa = PBXFileReference; fileEncoding = 4; lastKnownFileType = file.xib; path = CCPActionSheetCell.xib; sourceTree = "<group>"; };
		046049D124B990ED0079B78B /* UIView+CCPExtension.h */ = {isa = PBXFileReference; fileEncoding = 4; lastKnownFileType = sourcecode.c.h; path = "UIView+CCPExtension.h"; sourceTree = "<group>"; };
		046049D224B990ED0079B78B /* CCPActionSheetView.m */ = {isa = PBXFileReference; fileEncoding = 4; lastKnownFileType = sourcecode.c.objc; path = CCPActionSheetView.m; sourceTree = "<group>"; };
		046049D324B990ED0079B78B /* CCPActionSheetCell.m */ = {isa = PBXFileReference; fileEncoding = 4; lastKnownFileType = sourcecode.c.objc; path = CCPActionSheetCell.m; sourceTree = "<group>"; };
		046049D924B9945E0079B78B /* ImagePlayerView.m */ = {isa = PBXFileReference; fileEncoding = 4; lastKnownFileType = sourcecode.c.objc; path = ImagePlayerView.m; sourceTree = "<group>"; };
		046049DA24B9945E0079B78B /* ImagePlayerView.h */ = {isa = PBXFileReference; fileEncoding = 4; lastKnownFileType = sourcecode.c.h; path = ImagePlayerView.h; sourceTree = "<group>"; };
		046049DC24B996430079B78B /* HomeJinRiYuJinView.h */ = {isa = PBXFileReference; lastKnownFileType = sourcecode.c.h; path = HomeJinRiYuJinView.h; sourceTree = "<group>"; };
		046049DD24B996430079B78B /* HomeJinRiYuJinView.m */ = {isa = PBXFileReference; lastKnownFileType = sourcecode.c.objc; path = HomeJinRiYuJinView.m; sourceTree = "<group>"; };
		046049DF24B99A2A0079B78B /* HomeZhiBanTongJiView.h */ = {isa = PBXFileReference; lastKnownFileType = sourcecode.c.h; path = HomeZhiBanTongJiView.h; sourceTree = "<group>"; };
		046049E024B99A2A0079B78B /* HomeZhiBanTongJiView.m */ = {isa = PBXFileReference; lastKnownFileType = sourcecode.c.objc; path = HomeZhiBanTongJiView.m; sourceTree = "<group>"; };
		046049E224B99ABB0079B78B /* RiLiZhouCollectionViewCell.h */ = {isa = PBXFileReference; fileEncoding = 4; lastKnownFileType = sourcecode.c.h; path = RiLiZhouCollectionViewCell.h; sourceTree = "<group>"; };
		046049E324B99ABB0079B78B /* RiLiDayCollectionViewCell.m */ = {isa = PBXFileReference; fileEncoding = 4; lastKnownFileType = sourcecode.c.objc; path = RiLiDayCollectionViewCell.m; sourceTree = "<group>"; };
		046049E424B99ABC0079B78B /* RiLiDayCollectionViewCell.h */ = {isa = PBXFileReference; fileEncoding = 4; lastKnownFileType = sourcecode.c.h; path = RiLiDayCollectionViewCell.h; sourceTree = "<group>"; };
		046049E524B99ABC0079B78B /* RiLiZhouCollectionViewCell.m */ = {isa = PBXFileReference; fileEncoding = 4; lastKnownFileType = sourcecode.c.objc; path = RiLiZhouCollectionViewCell.m; sourceTree = "<group>"; };
		046049E924B9B27E0079B78B /* MainMyTableViewCell.h */ = {isa = PBXFileReference; lastKnownFileType = sourcecode.c.h; path = MainMyTableViewCell.h; sourceTree = "<group>"; };
		046049EA24B9B27E0079B78B /* MainMyTableViewCell.m */ = {isa = PBXFileReference; lastKnownFileType = sourcecode.c.objc; path = MainMyTableViewCell.m; sourceTree = "<group>"; };
		046049ED24B9B7060079B78B /* ZiDingYiPeiZhiViewController.h */ = {isa = PBXFileReference; lastKnownFileType = sourcecode.c.h; path = ZiDingYiPeiZhiViewController.h; sourceTree = "<group>"; };
		046049EE24B9B7060079B78B /* ZiDingYiPeiZhiViewController.m */ = {isa = PBXFileReference; lastKnownFileType = sourcecode.c.objc; path = ZiDingYiPeiZhiViewController.m; sourceTree = "<group>"; };
		046049F124B9B8560079B78B /* ZiDingYiPeiZhiHeaderView.h */ = {isa = PBXFileReference; lastKnownFileType = sourcecode.c.h; path = ZiDingYiPeiZhiHeaderView.h; sourceTree = "<group>"; };
		046049F224B9B8560079B78B /* ZiDingYiPeiZhiHeaderView.m */ = {isa = PBXFileReference; lastKnownFileType = sourcecode.c.objc; path = ZiDingYiPeiZhiHeaderView.m; sourceTree = "<group>"; };
		046049F824B9BCEF0079B78B /* ZiDingYiPeiZhiModel.h */ = {isa = PBXFileReference; lastKnownFileType = sourcecode.c.h; path = ZiDingYiPeiZhiModel.h; sourceTree = "<group>"; };
		046049F924B9BCEF0079B78B /* ZiDingYiPeiZhiModel.m */ = {isa = PBXFileReference; lastKnownFileType = sourcecode.c.objc; path = ZiDingYiPeiZhiModel.m; sourceTree = "<group>"; };
		046049FB24B9BD730079B78B /* ZiDingYiPeiZhiCollectionViewCell.h */ = {isa = PBXFileReference; lastKnownFileType = sourcecode.c.h; path = ZiDingYiPeiZhiCollectionViewCell.h; sourceTree = "<group>"; };
		046049FC24B9BD730079B78B /* ZiDingYiPeiZhiCollectionViewCell.m */ = {isa = PBXFileReference; lastKnownFileType = sourcecode.c.objc; path = ZiDingYiPeiZhiCollectionViewCell.m; sourceTree = "<group>"; };
		04613DD924B8964D009CD89D /* ShuiKu.app */ = {isa = PBXFileReference; explicitFileType = wrapper.application; includeInIndex = 0; path = ShuiKu.app; sourceTree = BUILT_PRODUCTS_DIR; };
		04613DDC24B8964D009CD89D /* AppDelegate.h */ = {isa = PBXFileReference; lastKnownFileType = sourcecode.c.h; path = AppDelegate.h; sourceTree = "<group>"; };
		04613DDD24B8964D009CD89D /* AppDelegate.m */ = {isa = PBXFileReference; lastKnownFileType = sourcecode.c.objc; path = AppDelegate.m; sourceTree = "<group>"; };
		04613DE224B8964D009CD89D /* ViewController.h */ = {isa = PBXFileReference; lastKnownFileType = sourcecode.c.h; path = ViewController.h; sourceTree = "<group>"; };
		04613DE324B8964D009CD89D /* ViewController.m */ = {isa = PBXFileReference; lastKnownFileType = sourcecode.c.objc; path = ViewController.m; sourceTree = "<group>"; };
		04613DE624B8964D009CD89D /* Base */ = {isa = PBXFileReference; lastKnownFileType = file.storyboard; name = Base; path = Base.lproj/Main.storyboard; sourceTree = "<group>"; };
		04613DE824B89650009CD89D /* Assets.xcassets */ = {isa = PBXFileReference; lastKnownFileType = folder.assetcatalog; path = Assets.xcassets; sourceTree = "<group>"; };
		04613DEB24B89650009CD89D /* Base */ = {isa = PBXFileReference; lastKnownFileType = file.storyboard; name = Base; path = Base.lproj/LaunchScreen.storyboard; sourceTree = "<group>"; };
		04613DED24B89650009CD89D /* Info.plist */ = {isa = PBXFileReference; lastKnownFileType = text.plist.xml; path = Info.plist; sourceTree = "<group>"; };
		04613DEE24B89650009CD89D /* main.m */ = {isa = PBXFileReference; lastKnownFileType = sourcecode.c.objc; path = main.m; sourceTree = "<group>"; };
		04613DF824B89A3F009CD89D /* VTContentView.m */ = {isa = PBXFileReference; fileEncoding = 4; lastKnownFileType = sourcecode.c.objc; path = VTContentView.m; sourceTree = "<group>"; };
		04613DF924B89A3F009CD89D /* UIColor+VTMagic.h */ = {isa = PBXFileReference; fileEncoding = 4; lastKnownFileType = sourcecode.c.h; path = "UIColor+VTMagic.h"; sourceTree = "<group>"; };
		04613DFA24B89A3F009CD89D /* UIScrollView+VTMagic.h */ = {isa = PBXFileReference; fileEncoding = 4; lastKnownFileType = sourcecode.c.h; path = "UIScrollView+VTMagic.h"; sourceTree = "<group>"; };
		04613DFB24B89A3F009CD89D /* UIButton+VTMagic.h */ = {isa = PBXFileReference; fileEncoding = 4; lastKnownFileType = sourcecode.c.h; path = "UIButton+VTMagic.h"; sourceTree = "<group>"; };
		04613DFC24B89A3F009CD89D /* UIViewController+VTMagic.h */ = {isa = PBXFileReference; fileEncoding = 4; lastKnownFileType = sourcecode.c.h; path = "UIViewController+VTMagic.h"; sourceTree = "<group>"; };
		04613DFD24B89A3F009CD89D /* VTMagicView.h */ = {isa = PBXFileReference; fileEncoding = 4; lastKnownFileType = sourcecode.c.h; path = VTMagicView.h; sourceTree = "<group>"; };
		04613DFE24B89A3F009CD89D /* VTMagicController.m */ = {isa = PBXFileReference; fileEncoding = 4; lastKnownFileType = sourcecode.c.objc; path = VTMagicController.m; sourceTree = "<group>"; };
		04613DFF24B89A3F009CD89D /* VTMagicProtocol.h */ = {isa = PBXFileReference; fileEncoding = 4; lastKnownFileType = sourcecode.c.h; path = VTMagicProtocol.h; sourceTree = "<group>"; };
		04613E0024B89A3F009CD89D /* VTMenuBar.m */ = {isa = PBXFileReference; fileEncoding = 4; lastKnownFileType = sourcecode.c.objc; path = VTMenuBar.m; sourceTree = "<group>"; };
		04613E0124B89A3F009CD89D /* VTContentView.h */ = {isa = PBXFileReference; fileEncoding = 4; lastKnownFileType = sourcecode.c.h; path = VTContentView.h; sourceTree = "<group>"; };
		04613E0224B89A3F009CD89D /* VTEnumType.h */ = {isa = PBXFileReference; fileEncoding = 4; lastKnownFileType = sourcecode.c.h; path = VTEnumType.h; sourceTree = "<group>"; };
		04613E0324B89A3F009CD89D /* UIButton+VTMagic.m */ = {isa = PBXFileReference; fileEncoding = 4; lastKnownFileType = sourcecode.c.objc; path = "UIButton+VTMagic.m"; sourceTree = "<group>"; };
		04613E0424B89A3F009CD89D /* UIScrollView+VTMagic.m */ = {isa = PBXFileReference; fileEncoding = 4; lastKnownFileType = sourcecode.c.objc; path = "UIScrollView+VTMagic.m"; sourceTree = "<group>"; };
		04613E0524B89A3F009CD89D /* UIColor+VTMagic.m */ = {isa = PBXFileReference; fileEncoding = 4; lastKnownFileType = sourcecode.c.objc; path = "UIColor+VTMagic.m"; sourceTree = "<group>"; };
		04613E0624B89A3F009CD89D /* VTMagicView.m */ = {isa = PBXFileReference; fileEncoding = 4; lastKnownFileType = sourcecode.c.objc; path = VTMagicView.m; sourceTree = "<group>"; };
		04613E0724B89A3F009CD89D /* UIViewController+VTMagic.m */ = {isa = PBXFileReference; fileEncoding = 4; lastKnownFileType = sourcecode.c.objc; path = "UIViewController+VTMagic.m"; sourceTree = "<group>"; };
		04613E0824B89A3F009CD89D /* VTMagicMacros.h */ = {isa = PBXFileReference; fileEncoding = 4; lastKnownFileType = sourcecode.c.h; path = VTMagicMacros.h; sourceTree = "<group>"; };
		04613E0924B89A3F009CD89D /* VTMenuBar.h */ = {isa = PBXFileReference; fileEncoding = 4; lastKnownFileType = sourcecode.c.h; path = VTMenuBar.h; sourceTree = "<group>"; };
		04613E0A24B89A3F009CD89D /* VTMagic.h */ = {isa = PBXFileReference; fileEncoding = 4; lastKnownFileType = sourcecode.c.h; path = VTMagic.h; sourceTree = "<group>"; };
		04613E0B24B89A3F009CD89D /* VTMagicController.h */ = {isa = PBXFileReference; fileEncoding = 4; lastKnownFileType = sourcecode.c.h; path = VTMagicController.h; sourceTree = "<group>"; };
		04613E1524B89A55009CD89D /* PublicDefine.h */ = {isa = PBXFileReference; fileEncoding = 4; lastKnownFileType = sourcecode.c.h; path = PublicDefine.h; sourceTree = "<group>"; };
		04613E1624B89A55009CD89D /* ConnectUrls.h */ = {isa = PBXFileReference; fileEncoding = 4; lastKnownFileType = sourcecode.c.h; path = ConnectUrls.h; sourceTree = "<group>"; };
		04613E1924B89A5E009CD89D /* UIView+UIViewExt.h */ = {isa = PBXFileReference; fileEncoding = 4; lastKnownFileType = sourcecode.c.h; path = "UIView+UIViewExt.h"; sourceTree = "<group>"; };
		04613E1A24B89A5E009CD89D /* NSDate+compare.m */ = {isa = PBXFileReference; fileEncoding = 4; lastKnownFileType = sourcecode.c.objc; path = "NSDate+compare.m"; sourceTree = "<group>"; };
		04613E1B24B89A5E009CD89D /* UITextView+Placeholder.m */ = {isa = PBXFileReference; fileEncoding = 4; lastKnownFileType = sourcecode.c.objc; path = "UITextView+Placeholder.m"; sourceTree = "<group>"; };
		04613E1C24B89A5E009CD89D /* UIColor+Hex.m */ = {isa = PBXFileReference; fileEncoding = 4; lastKnownFileType = sourcecode.c.objc; path = "UIColor+Hex.m"; sourceTree = "<group>"; };
		04613E1D24B89A5E009CD89D /* UIView+Extension.h */ = {isa = PBXFileReference; fileEncoding = 4; lastKnownFileType = sourcecode.c.h; path = "UIView+Extension.h"; sourceTree = "<group>"; };
		04613E1E24B89A5E009CD89D /* UINavigationBar+FixMargin.m */ = {isa = PBXFileReference; fileEncoding = 4; lastKnownFileType = sourcecode.c.objc; path = "UINavigationBar+FixMargin.m"; sourceTree = "<group>"; };
		04613E1F24B89A5E009CD89D /* UIView+Additions.m */ = {isa = PBXFileReference; fileEncoding = 4; lastKnownFileType = sourcecode.c.objc; path = "UIView+Additions.m"; sourceTree = "<group>"; };
		04613E2024B89A5E009CD89D /* UIImage+ExtensionScal.h */ = {isa = PBXFileReference; fileEncoding = 4; lastKnownFileType = sourcecode.c.h; path = "UIImage+ExtensionScal.h"; sourceTree = "<group>"; };
		04613E2124B89A5E009CD89D /* UIButton+HQCustomIcon.m */ = {isa = PBXFileReference; fileEncoding = 4; lastKnownFileType = sourcecode.c.objc; path = "UIButton+HQCustomIcon.m"; sourceTree = "<group>"; };
		04613E2224B89A5E009CD89D /* NSString+extend.h */ = {isa = PBXFileReference; fileEncoding = 4; lastKnownFileType = sourcecode.c.h; path = "NSString+extend.h"; sourceTree = "<group>"; };
		04613E2324B89A5E009CD89D /* UITabBar+badge.h */ = {isa = PBXFileReference; fileEncoding = 4; lastKnownFileType = sourcecode.c.h; path = "UITabBar+badge.h"; sourceTree = "<group>"; };
		04613E2424B89A5E009CD89D /* UIView+UIViewExt.m */ = {isa = PBXFileReference; fileEncoding = 4; lastKnownFileType = sourcecode.c.objc; path = "UIView+UIViewExt.m"; sourceTree = "<group>"; };
		04613E2524B89A5E009CD89D /* UIColor+Hex.h */ = {isa = PBXFileReference; fileEncoding = 4; lastKnownFileType = sourcecode.c.h; path = "UIColor+Hex.h"; sourceTree = "<group>"; };
		04613E2624B89A5E009CD89D /* UITextView+Placeholder.h */ = {isa = PBXFileReference; fileEncoding = 4; lastKnownFileType = sourcecode.c.h; path = "UITextView+Placeholder.h"; sourceTree = "<group>"; };
		04613E2724B89A5E009CD89D /* NSDate+compare.h */ = {isa = PBXFileReference; fileEncoding = 4; lastKnownFileType = sourcecode.c.h; path = "NSDate+compare.h"; sourceTree = "<group>"; };
		04613E2824B89A5E009CD89D /* NSString+extend.m */ = {isa = PBXFileReference; fileEncoding = 4; lastKnownFileType = sourcecode.c.objc; path = "NSString+extend.m"; sourceTree = "<group>"; };
		04613E2924B89A5E009CD89D /* UIButton+HQCustomIcon.h */ = {isa = PBXFileReference; fileEncoding = 4; lastKnownFileType = sourcecode.c.h; path = "UIButton+HQCustomIcon.h"; sourceTree = "<group>"; };
		04613E2A24B89A5E009CD89D /* UIImage+ExtensionScal.m */ = {isa = PBXFileReference; fileEncoding = 4; lastKnownFileType = sourcecode.c.objc; path = "UIImage+ExtensionScal.m"; sourceTree = "<group>"; };
		04613E2B24B89A5E009CD89D /* UIView+Additions.h */ = {isa = PBXFileReference; fileEncoding = 4; lastKnownFileType = sourcecode.c.h; path = "UIView+Additions.h"; sourceTree = "<group>"; };
		04613E2C24B89A5E009CD89D /* UINavigationBar+FixMargin.h */ = {isa = PBXFileReference; fileEncoding = 4; lastKnownFileType = sourcecode.c.h; path = "UINavigationBar+FixMargin.h"; sourceTree = "<group>"; };
		04613E2D24B89A5E009CD89D /* UIView+Extension.m */ = {isa = PBXFileReference; fileEncoding = 4; lastKnownFileType = sourcecode.c.objc; path = "UIView+Extension.m"; sourceTree = "<group>"; };
		04613E2E24B89A5E009CD89D /* UITabBar+badge.m */ = {isa = PBXFileReference; fileEncoding = 4; lastKnownFileType = sourcecode.c.objc; path = "UITabBar+badge.m"; sourceTree = "<group>"; };
		04613E3124B89A5E009CD89D /* RootViewController.m */ = {isa = PBXFileReference; fileEncoding = 4; lastKnownFileType = sourcecode.c.objc; path = RootViewController.m; sourceTree = "<group>"; };
		04613E3224B89A5E009CD89D /* WYTools.m */ = {isa = PBXFileReference; fileEncoding = 4; lastKnownFileType = sourcecode.c.objc; path = WYTools.m; sourceTree = "<group>"; };
		04613E3324B89A5E009CD89D /* RootTableViewController.m */ = {isa = PBXFileReference; fileEncoding = 4; lastKnownFileType = sourcecode.c.objc; path = RootTableViewController.m; sourceTree = "<group>"; };
		04613E3424B89A5E009CD89D /* PGGTabBarViewControllerConfig.m */ = {isa = PBXFileReference; fileEncoding = 4; lastKnownFileType = sourcecode.c.objc; path = PGGTabBarViewControllerConfig.m; sourceTree = "<group>"; };
		04613E3524B89A5E009CD89D /* WYCamaImageTools.h */ = {isa = PBXFileReference; fileEncoding = 4; lastKnownFileType = sourcecode.c.h; path = WYCamaImageTools.h; sourceTree = "<group>"; };
		04613E3624B89A5E009CD89D /* TabBarControllerConfig.h */ = {isa = PBXFileReference; fileEncoding = 4; lastKnownFileType = sourcecode.c.h; path = TabBarControllerConfig.h; sourceTree = "<group>"; };
		04613E3724B89A5E009CD89D /* RootViewController.h */ = {isa = PBXFileReference; fileEncoding = 4; lastKnownFileType = sourcecode.c.h; path = RootViewController.h; sourceTree = "<group>"; };
		04613E3824B89A5E009CD89D /* WYCamaImageTools.m */ = {isa = PBXFileReference; fileEncoding = 4; lastKnownFileType = sourcecode.c.objc; path = WYCamaImageTools.m; sourceTree = "<group>"; };
		04613E3924B89A5E009CD89D /* PGGTabBarViewControllerConfig.h */ = {isa = PBXFileReference; fileEncoding = 4; lastKnownFileType = sourcecode.c.h; path = PGGTabBarViewControllerConfig.h; sourceTree = "<group>"; };
		04613E3A24B89A5E009CD89D /* RootTableViewController.h */ = {isa = PBXFileReference; fileEncoding = 4; lastKnownFileType = sourcecode.c.h; path = RootTableViewController.h; sourceTree = "<group>"; };
		04613E3B24B89A5E009CD89D /* WYTools.h */ = {isa = PBXFileReference; fileEncoding = 4; lastKnownFileType = sourcecode.c.h; path = WYTools.h; sourceTree = "<group>"; };
		04613E3C24B89A5E009CD89D /* TabBarControllerConfig.m */ = {isa = PBXFileReference; fileEncoding = 4; lastKnownFileType = sourcecode.c.objc; path = TabBarControllerConfig.m; sourceTree = "<group>"; };
		04613E4E24B89ADB009CD89D /* WYYGDPrefixHeader.pch */ = {isa = PBXFileReference; fileEncoding = 4; lastKnownFileType = sourcecode.c.h; path = WYYGDPrefixHeader.pch; sourceTree = "<group>"; };
		04613E5024B89B9F009CD89D /* HTTPManager.h */ = {isa = PBXFileReference; fileEncoding = 4; lastKnownFileType = sourcecode.c.h; path = HTTPManager.h; sourceTree = "<group>"; };
		04613E5124B89B9F009CD89D /* HTTPManager.m */ = {isa = PBXFileReference; fileEncoding = 4; lastKnownFileType = sourcecode.c.objc; path = HTTPManager.m; sourceTree = "<group>"; };
		04613E5324B89BD5009CD89D /* MDB_ShareExstensionUserDefault.h */ = {isa = PBXFileReference; fileEncoding = 4; lastKnownFileType = sourcecode.c.h; path = MDB_ShareExstensionUserDefault.h; sourceTree = "<group>"; };
		04613E5424B89BD5009CD89D /* MDB_ShareExstensionUserDefault.m */ = {isa = PBXFileReference; fileEncoding = 4; lastKnownFileType = sourcecode.c.objc; path = MDB_ShareExstensionUserDefault.m; sourceTree = "<group>"; };
		04613E5724B89C10009CD89D /* BDKNotifyHUD.h */ = {isa = PBXFileReference; fileEncoding = 4; lastKnownFileType = sourcecode.c.h; path = BDKNotifyHUD.h; sourceTree = "<group>"; };
		04613E5824B89C10009CD89D /* BDKNotifyHUD.m */ = {isa = PBXFileReference; fileEncoding = 4; lastKnownFileType = sourcecode.c.objc; path = BDKNotifyHUD.m; sourceTree = "<group>"; };
		04613E5B24B89C37009CD89D /* GMDCircleLoader.h */ = {isa = PBXFileReference; fileEncoding = 4; lastKnownFileType = sourcecode.c.h; path = GMDCircleLoader.h; sourceTree = "<group>"; };
		04613E5C24B89C37009CD89D /* GMDCircleLoader.m */ = {isa = PBXFileReference; fileEncoding = 4; lastKnownFileType = sourcecode.c.objc; path = GMDCircleLoader.m; sourceTree = "<group>"; };
		28F2B12DD225C9B127948DFC /* libPods-ShuiKu.a */ = {isa = PBXFileReference; explicitFileType = archive.ar; includeInIndex = 0; path = "libPods-ShuiKu.a"; sourceTree = BUILT_PRODUCTS_DIR; };
		AD7CCC865DE2C84B21906C49 /* Pods-ShuiKu.debug.xcconfig */ = {isa = PBXFileReference; includeInIndex = 1; lastKnownFileType = text.xcconfig; name = "Pods-ShuiKu.debug.xcconfig"; path = "Target Support Files/Pods-ShuiKu/Pods-ShuiKu.debug.xcconfig"; sourceTree = "<group>"; };
		EB15E1DAE170CE71E8CC7F90 /* Pods-ShuiKu.release.xcconfig */ = {isa = PBXFileReference; includeInIndex = 1; lastKnownFileType = text.xcconfig; name = "Pods-ShuiKu.release.xcconfig"; path = "Target Support Files/Pods-ShuiKu/Pods-ShuiKu.release.xcconfig"; sourceTree = "<group>"; };
/* End PBXFileReference section */

/* Begin PBXFrameworksBuildPhase section */
		04613DD624B8964D009CD89D /* Frameworks */ = {
			isa = PBXFrameworksBuildPhase;
			buildActionMask = 2147483647;
			files = (
				6DFF105506D9328256308EC4 /* libPods-ShuiKu.a in Frameworks */,
			);
			runOnlyForDeploymentPostprocessing = 0;
		};
/* End PBXFrameworksBuildPhase section */

/* Begin PBXGroup section */
		0460499E24B95D9F0079B78B /* 登录 */ = {
			isa = PBXGroup;
			children = (
				046049AD24B96F9F0079B78B /* 配置 */,
				046049A924B965D50079B78B /* view */,
				046049A424B964FD0079B78B /* LoginViewController.h */,
				046049A524B964FD0079B78B /* LoginViewController.m */,
			);
			path = "登录";
			sourceTree = "<group>";
		};
		046049A924B965D50079B78B /* view */ = {
			isa = PBXGroup;
			children = (
				046049AA24B965E70079B78B /* LoginView.h */,
				046049AB24B965E70079B78B /* LoginView.m */,
			);
			path = view;
			sourceTree = "<group>";
		};
		046049AD24B96F9F0079B78B /* 配置 */ = {
			isa = PBXGroup;
			children = (
				046049AE24B970160079B78B /* PeiZhiViewController.h */,
				046049AF24B970160079B78B /* PeiZhiViewController.m */,
			);
			path = "配置";
			sourceTree = "<group>";
		};
		046049B124B980680079B78B /* 我的 */ = {
			isa = PBXGroup;
			children = (
				046049E824B9B26A0079B78B /* view */,
				046049BE24B980BB0079B78B /* MainMyViewController.h */,
				046049BF24B980BB0079B78B /* MainMyViewController.m */,
			);
			path = "我的";
			sourceTree = "<group>";
		};
		046049B224B9806E0079B78B /* 统计分析 */ = {
			isa = PBXGroup;
			children = (
				046049BB24B980AF0079B78B /* MainTongJiFenXiViewController.h */,
				046049BC24B980AF0079B78B /* MainTongJiFenXiViewController.m */,
			);
			path = "统计分析";
			sourceTree = "<group>";
		};
		046049B324B980740079B78B /* 实时监测 */ = {
			isa = PBXGroup;
			children = (
				046049B824B980A30079B78B /* MainShiShiJianCeViewController.h */,
				046049B924B980A30079B78B /* MainShiShiJianCeViewController.m */,
			);
			path = "实时监测";
			sourceTree = "<group>";
		};
		046049B424B9807F0079B78B /* 首页 */ = {
			isa = PBXGroup;
			children = (
				046049EC24B9B6F00079B78B /* 自定义配置 */,
				046049C124B985FC0079B78B /* view */,
				046049B524B980940079B78B /* MainHomeViewController.h */,
				046049B624B980940079B78B /* MainHomeViewController.m */,
			);
			path = "首页";
			sourceTree = "<group>";
		};
		046049C124B985FC0079B78B /* view */ = {
			isa = PBXGroup;
			children = (
				046049C524B9865A0079B78B /* cell */,
				046049C224B986290079B78B /* MainHomeView.h */,
				046049C324B986290079B78B /* MainHomeView.m */,
			);
			path = view;
			sourceTree = "<group>";
		};
		046049C524B9865A0079B78B /* cell */ = {
			isa = PBXGroup;
			children = (
				046049C724B9869E0079B78B /* HomeCollectionViewCell.h */,
				046049C624B9869E0079B78B /* HomeCollectionViewCell.m */,
				046049DA24B9945E0079B78B /* ImagePlayerView.h */,
				046049D924B9945E0079B78B /* ImagePlayerView.m */,
				046049DC24B996430079B78B /* HomeJinRiYuJinView.h */,
				046049DD24B996430079B78B /* HomeJinRiYuJinView.m */,
				046049DF24B99A2A0079B78B /* HomeZhiBanTongJiView.h */,
				046049E024B99A2A0079B78B /* HomeZhiBanTongJiView.m */,
				046049E424B99ABC0079B78B /* RiLiDayCollectionViewCell.h */,
				046049E324B99ABB0079B78B /* RiLiDayCollectionViewCell.m */,
				046049E224B99ABB0079B78B /* RiLiZhouCollectionViewCell.h */,
				046049E524B99ABC0079B78B /* RiLiZhouCollectionViewCell.m */,
			);
			path = cell;
			sourceTree = "<group>";
		};
		046049C924B990ED0079B78B /* CCPScrollView */ = {
			isa = PBXGroup;
			children = (
				046049CA24B990ED0079B78B /* CCPScrollView.h */,
				046049CB24B990ED0079B78B /* CCPScrollView.m */,
				046049CC24B990ED0079B78B /* CCPActionSheetView */,
			);
			path = CCPScrollView;
			sourceTree = "<group>";
		};
		046049CC24B990ED0079B78B /* CCPActionSheetView */ = {
			isa = PBXGroup;
			children = (
				046049CD24B990ED0079B78B /* UIView+CCPExtension.m */,
				046049CE24B990ED0079B78B /* CCPActionSheetView.h */,
				046049CF24B990ED0079B78B /* CCPActionSheetCell.h */,
				046049D024B990ED0079B78B /* CCPActionSheetCell.xib */,
				046049D124B990ED0079B78B /* UIView+CCPExtension.h */,
				046049D224B990ED0079B78B /* CCPActionSheetView.m */,
				046049D324B990ED0079B78B /* CCPActionSheetCell.m */,
			);
			path = CCPActionSheetView;
			sourceTree = "<group>";
		};
		046049E824B9B26A0079B78B /* view */ = {
			isa = PBXGroup;
			children = (
				046049E924B9B27E0079B78B /* MainMyTableViewCell.h */,
				046049EA24B9B27E0079B78B /* MainMyTableViewCell.m */,
			);
			path = view;
			sourceTree = "<group>";
		};
		046049EC24B9B6F00079B78B /* 自定义配置 */ = {
			isa = PBXGroup;
			children = (
				046049F724B9BCCC0079B78B /* model */,
				046049F024B9B82C0079B78B /* view */,
				046049ED24B9B7060079B78B /* ZiDingYiPeiZhiViewController.h */,
				046049EE24B9B7060079B78B /* ZiDingYiPeiZhiViewController.m */,
			);
			path = "自定义配置";
			sourceTree = "<group>";
		};
		046049F024B9B82C0079B78B /* view */ = {
			isa = PBXGroup;
			children = (
				046049F124B9B8560079B78B /* ZiDingYiPeiZhiHeaderView.h */,
				046049F224B9B8560079B78B /* ZiDingYiPeiZhiHeaderView.m */,
				046049FB24B9BD730079B78B /* ZiDingYiPeiZhiCollectionViewCell.h */,
				046049FC24B9BD730079B78B /* ZiDingYiPeiZhiCollectionViewCell.m */,
			);
			path = view;
			sourceTree = "<group>";
		};
		046049F724B9BCCC0079B78B /* model */ = {
			isa = PBXGroup;
			children = (
				046049F824B9BCEF0079B78B /* ZiDingYiPeiZhiModel.h */,
				046049F924B9BCEF0079B78B /* ZiDingYiPeiZhiModel.m */,
			);
			path = model;
			sourceTree = "<group>";
		};
		04613DD024B8964C009CD89D = {
			isa = PBXGroup;
			children = (
				04613DDB24B8964D009CD89D /* ShuiKu */,
				04613DDA24B8964D009CD89D /* Products */,
				BA8178E7BECC97B64362CD3F /* Pods */,
				2AE9697BD81D6CC42E174841 /* Frameworks */,
			);
			sourceTree = "<group>";
		};
		04613DDA24B8964D009CD89D /* Products */ = {
			isa = PBXGroup;
			children = (
				04613DD924B8964D009CD89D /* ShuiKu.app */,
			);
			name = Products;
			sourceTree = "<group>";
		};
		04613DDB24B8964D009CD89D /* ShuiKu */ = {
			isa = PBXGroup;
			children = (
				04613DF524B89A1E009CD89D /* Sections */,
				04613DF624B89A3F009CD89D /* OtherFram */,
				04613E1724B89A5E009CD89D /* General */,
				04613E1424B89A55009CD89D /* Macro */,
				04613E4F24B89B9F009CD89D /* HTTPServices */,
				04613DDC24B8964D009CD89D /* AppDelegate.h */,
				04613DDD24B8964D009CD89D /* AppDelegate.m */,
				04613DE224B8964D009CD89D /* ViewController.h */,
				04613DE324B8964D009CD89D /* ViewController.m */,
				04613DE524B8964D009CD89D /* Main.storyboard */,
				04613DE824B89650009CD89D /* Assets.xcassets */,
				04613DEA24B89650009CD89D /* LaunchScreen.storyboard */,
				04613DED24B89650009CD89D /* Info.plist */,
				04613DEE24B89650009CD89D /* main.m */,
				04613E4E24B89ADB009CD89D /* WYYGDPrefixHeader.pch */,
			);
			path = ShuiKu;
			sourceTree = "<group>";
		};
		04613DF524B89A1E009CD89D /* Sections */ = {
			isa = PBXGroup;
			children = (
				046049B424B9807F0079B78B /* 首页 */,
				046049B324B980740079B78B /* 实时监测 */,
				046049B224B9806E0079B78B /* 统计分析 */,
				046049B124B980680079B78B /* 我的 */,
				0460499E24B95D9F0079B78B /* 登录 */,
			);
			path = Sections;
			sourceTree = "<group>";
		};
		04613DF624B89A3F009CD89D /* OtherFram */ = {
			isa = PBXGroup;
			children = (
				046049C924B990ED0079B78B /* CCPScrollView */,
				04613DF724B89A3F009CD89D /* VTMagic */,
			);
			path = OtherFram;
			sourceTree = "<group>";
		};
		04613DF724B89A3F009CD89D /* VTMagic */ = {
			isa = PBXGroup;
			children = (
				04613DFB24B89A3F009CD89D /* UIButton+VTMagic.h */,
				04613E0324B89A3F009CD89D /* UIButton+VTMagic.m */,
				04613DF924B89A3F009CD89D /* UIColor+VTMagic.h */,
				04613E0524B89A3F009CD89D /* UIColor+VTMagic.m */,
				04613DFA24B89A3F009CD89D /* UIScrollView+VTMagic.h */,
				04613E0424B89A3F009CD89D /* UIScrollView+VTMagic.m */,
				04613DFC24B89A3F009CD89D /* UIViewController+VTMagic.h */,
				04613E0724B89A3F009CD89D /* UIViewController+VTMagic.m */,
				04613E0124B89A3F009CD89D /* VTContentView.h */,
				04613DF824B89A3F009CD89D /* VTContentView.m */,
				04613E0224B89A3F009CD89D /* VTEnumType.h */,
				04613E0A24B89A3F009CD89D /* VTMagic.h */,
				04613E0B24B89A3F009CD89D /* VTMagicController.h */,
				04613DFE24B89A3F009CD89D /* VTMagicController.m */,
				04613E0824B89A3F009CD89D /* VTMagicMacros.h */,
				04613DFF24B89A3F009CD89D /* VTMagicProtocol.h */,
				04613DFD24B89A3F009CD89D /* VTMagicView.h */,
				04613E0624B89A3F009CD89D /* VTMagicView.m */,
				04613E0924B89A3F009CD89D /* VTMenuBar.h */,
				04613E0024B89A3F009CD89D /* VTMenuBar.m */,
			);
			path = VTMagic;
			sourceTree = "<group>";
		};
		04613E1424B89A55009CD89D /* Macro */ = {
			isa = PBXGroup;
			children = (
				04613E1524B89A55009CD89D /* PublicDefine.h */,
				04613E1624B89A55009CD89D /* ConnectUrls.h */,
			);
			path = Macro;
			sourceTree = "<group>";
		};
		04613E1724B89A5E009CD89D /* General */ = {
			isa = PBXGroup;
			children = (
				04613E1824B89A5E009CD89D /* Category */,
				04613E2F24B89A5E009CD89D /* View */,
				04613E3024B89A5E009CD89D /* Class */,
			);
			path = General;
			sourceTree = "<group>";
		};
		04613E1824B89A5E009CD89D /* Category */ = {
			isa = PBXGroup;
			children = (
				04613E2724B89A5E009CD89D /* NSDate+compare.h */,
				04613E1A24B89A5E009CD89D /* NSDate+compare.m */,
				04613E2224B89A5E009CD89D /* NSString+extend.h */,
				04613E2824B89A5E009CD89D /* NSString+extend.m */,
				04613E2924B89A5E009CD89D /* UIButton+HQCustomIcon.h */,
				04613E2124B89A5E009CD89D /* UIButton+HQCustomIcon.m */,
				04613E2524B89A5E009CD89D /* UIColor+Hex.h */,
				04613E1C24B89A5E009CD89D /* UIColor+Hex.m */,
				04613E2024B89A5E009CD89D /* UIImage+ExtensionScal.h */,
				04613E2A24B89A5E009CD89D /* UIImage+ExtensionScal.m */,
				04613E2C24B89A5E009CD89D /* UINavigationBar+FixMargin.h */,
				04613E1E24B89A5E009CD89D /* UINavigationBar+FixMargin.m */,
				04613E2324B89A5E009CD89D /* UITabBar+badge.h */,
				04613E2E24B89A5E009CD89D /* UITabBar+badge.m */,
				04613E2624B89A5E009CD89D /* UITextView+Placeholder.h */,
				04613E1B24B89A5E009CD89D /* UITextView+Placeholder.m */,
				04613E2B24B89A5E009CD89D /* UIView+Additions.h */,
				04613E1F24B89A5E009CD89D /* UIView+Additions.m */,
				04613E1D24B89A5E009CD89D /* UIView+Extension.h */,
				04613E2D24B89A5E009CD89D /* UIView+Extension.m */,
				04613E1924B89A5E009CD89D /* UIView+UIViewExt.h */,
				04613E2424B89A5E009CD89D /* UIView+UIViewExt.m */,
			);
			path = Category;
			sourceTree = "<group>";
		};
		04613E2F24B89A5E009CD89D /* View */ = {
			isa = PBXGroup;
			children = (
			);
			path = View;
			sourceTree = "<group>";
		};
		04613E3024B89A5E009CD89D /* Class */ = {
			isa = PBXGroup;
			children = (
				04613E3924B89A5E009CD89D /* PGGTabBarViewControllerConfig.h */,
				04613E3424B89A5E009CD89D /* PGGTabBarViewControllerConfig.m */,
				04613E3A24B89A5E009CD89D /* RootTableViewController.h */,
				04613E3324B89A5E009CD89D /* RootTableViewController.m */,
				04613E3724B89A5E009CD89D /* RootViewController.h */,
				04613E3124B89A5E009CD89D /* RootViewController.m */,
				04613E3624B89A5E009CD89D /* TabBarControllerConfig.h */,
				04613E3C24B89A5E009CD89D /* TabBarControllerConfig.m */,
				04613E3524B89A5E009CD89D /* WYCamaImageTools.h */,
				04613E3824B89A5E009CD89D /* WYCamaImageTools.m */,
				04613E3B24B89A5E009CD89D /* WYTools.h */,
				04613E3224B89A5E009CD89D /* WYTools.m */,
			);
			path = Class;
			sourceTree = "<group>";
		};
		04613E4F24B89B9F009CD89D /* HTTPServices */ = {
			isa = PBXGroup;
			children = (
				04613E5A24B89C37009CD89D /* GMDCircleLoader */,
				04613E5624B89C10009CD89D /* BDKNotifyHUD */,
				04613E5324B89BD5009CD89D /* MDB_ShareExstensionUserDefault.h */,
				04613E5424B89BD5009CD89D /* MDB_ShareExstensionUserDefault.m */,
				04613E5024B89B9F009CD89D /* HTTPManager.h */,
				04613E5124B89B9F009CD89D /* HTTPManager.m */,
			);
			path = HTTPServices;
			sourceTree = "<group>";
		};
		04613E5624B89C10009CD89D /* BDKNotifyHUD */ = {
			isa = PBXGroup;
			children = (
				04613E5724B89C10009CD89D /* BDKNotifyHUD.h */,
				04613E5824B89C10009CD89D /* BDKNotifyHUD.m */,
			);
			path = BDKNotifyHUD;
			sourceTree = "<group>";
		};
		04613E5A24B89C37009CD89D /* GMDCircleLoader */ = {
			isa = PBXGroup;
			children = (
				04613E5B24B89C37009CD89D /* GMDCircleLoader.h */,
				04613E5C24B89C37009CD89D /* GMDCircleLoader.m */,
			);
			path = GMDCircleLoader;
			sourceTree = "<group>";
		};
		2AE9697BD81D6CC42E174841 /* Frameworks */ = {
			isa = PBXGroup;
			children = (
				28F2B12DD225C9B127948DFC /* libPods-ShuiKu.a */,
			);
			name = Frameworks;
			sourceTree = "<group>";
		};
		BA8178E7BECC97B64362CD3F /* Pods */ = {
			isa = PBXGroup;
			children = (
				AD7CCC865DE2C84B21906C49 /* Pods-ShuiKu.debug.xcconfig */,
				EB15E1DAE170CE71E8CC7F90 /* Pods-ShuiKu.release.xcconfig */,
			);
			path = Pods;
			sourceTree = "<group>";
		};
/* End PBXGroup section */

/* Begin PBXNativeTarget section */
		04613DD824B8964D009CD89D /* ShuiKu */ = {
			isa = PBXNativeTarget;
			buildConfigurationList = 04613DF224B89650009CD89D /* Build configuration list for PBXNativeTarget "ShuiKu" */;
			buildPhases = (
				C24A84A45BD1904BE4B91281 /* [CP] Check Pods Manifest.lock */,
				04613DD524B8964D009CD89D /* Sources */,
				04613DD624B8964D009CD89D /* Frameworks */,
				04613DD724B8964D009CD89D /* Resources */,
				FB241C3A84F79D0087525BA4 /* [CP] Copy Pods Resources */,
			);
			buildRules = (
			);
			dependencies = (
			);
			name = ShuiKu;
			productName = ShuiKu;
			productReference = 04613DD924B8964D009CD89D /* ShuiKu.app */;
			productType = "com.apple.product-type.application";
		};
/* End PBXNativeTarget section */

/* Begin PBXProject section */
		04613DD124B8964C009CD89D /* Project object */ = {
			isa = PBXProject;
			attributes = {
				LastUpgradeCheck = 1140;
				ORGANIZATIONNAME = Mac;
				TargetAttributes = {
					04613DD824B8964D009CD89D = {
						CreatedOnToolsVersion = 11.4;
					};
				};
			};
			buildConfigurationList = 04613DD424B8964C009CD89D /* Build configuration list for PBXProject "ShuiKu" */;
			compatibilityVersion = "Xcode 9.3";
			developmentRegion = en;
			hasScannedForEncodings = 0;
			knownRegions = (
				en,
				Base,
			);
			mainGroup = 04613DD024B8964C009CD89D;
			productRefGroup = 04613DDA24B8964D009CD89D /* Products */;
			projectDirPath = "";
			projectRoot = "";
			targets = (
				04613DD824B8964D009CD89D /* ShuiKu */,
			);
		};
/* End PBXProject section */

/* Begin PBXResourcesBuildPhase section */
		04613DD724B8964D009CD89D /* Resources */ = {
			isa = PBXResourcesBuildPhase;
			buildActionMask = 2147483647;
			files = (
				046049D624B990ED0079B78B /* CCPActionSheetCell.xib in Resources */,
				04613DEC24B89650009CD89D /* LaunchScreen.storyboard in Resources */,
				04613DE924B89650009CD89D /* Assets.xcassets in Resources */,
				04613DE724B8964D009CD89D /* Main.storyboard in Resources */,
			);
			runOnlyForDeploymentPostprocessing = 0;
		};
/* End PBXResourcesBuildPhase section */

/* Begin PBXShellScriptBuildPhase section */
		C24A84A45BD1904BE4B91281 /* [CP] Check Pods Manifest.lock */ = {
			isa = PBXShellScriptBuildPhase;
			buildActionMask = 2147483647;
			files = (
			);
			inputFileListPaths = (
			);
			inputPaths = (
				"${PODS_PODFILE_DIR_PATH}/Podfile.lock",
				"${PODS_ROOT}/Manifest.lock",
			);
			name = "[CP] Check Pods Manifest.lock";
			outputFileListPaths = (
			);
			outputPaths = (
				"$(DERIVED_FILE_DIR)/Pods-ShuiKu-checkManifestLockResult.txt",
			);
			runOnlyForDeploymentPostprocessing = 0;
			shellPath = /bin/sh;
			shellScript = "diff \"${PODS_PODFILE_DIR_PATH}/Podfile.lock\" \"${PODS_ROOT}/Manifest.lock\" > /dev/null\nif [ $? != 0 ] ; then\n    # print error to STDERR\n    echo \"error: The sandbox is not in sync with the Podfile.lock. Run 'pod install' or update your CocoaPods installation.\" >&2\n    exit 1\nfi\n# This output is used by Xcode 'outputs' to avoid re-running this script phase.\necho \"SUCCESS\" > \"${SCRIPT_OUTPUT_FILE_0}\"\n";
			showEnvVarsInLog = 0;
		};
		FB241C3A84F79D0087525BA4 /* [CP] Copy Pods Resources */ = {
			isa = PBXShellScriptBuildPhase;
			buildActionMask = 2147483647;
			files = (
			);
			inputFileListPaths = (
				"${PODS_ROOT}/Target Support Files/Pods-ShuiKu/Pods-ShuiKu-resources-${CONFIGURATION}-input-files.xcfilelist",
			);
			name = "[CP] Copy Pods Resources";
			outputFileListPaths = (
				"${PODS_ROOT}/Target Support Files/Pods-ShuiKu/Pods-ShuiKu-resources-${CONFIGURATION}-output-files.xcfilelist",
			);
			runOnlyForDeploymentPostprocessing = 0;
			shellPath = /bin/sh;
			shellScript = "\"${PODS_ROOT}/Target Support Files/Pods-ShuiKu/Pods-ShuiKu-resources.sh\"\n";
			showEnvVarsInLog = 0;
		};
/* End PBXShellScriptBuildPhase section */

/* Begin PBXSourcesBuildPhase section */
		04613DD524B8964D009CD89D /* Sources */ = {
			isa = PBXSourcesBuildPhase;
			buildActionMask = 2147483647;
			files = (
				046049D824B990ED0079B78B /* CCPActionSheetCell.m in Sources */,
				04613E4124B89A5E009CD89D /* UIView+Additions.m in Sources */,
				04613E4324B89A5E009CD89D /* UIView+UIViewExt.m in Sources */,
				046049D424B990ED0079B78B /* CCPScrollView.m in Sources */,
				04613E4824B89A5E009CD89D /* RootViewController.m in Sources */,
				04613E4B24B89A5E009CD89D /* PGGTabBarViewControllerConfig.m in Sources */,
				04613E1124B89A3F009CD89D /* UIColor+VTMagic.m in Sources */,
				04613E4624B89A5E009CD89D /* UIView+Extension.m in Sources */,
				046049E624B99ABC0079B78B /* RiLiDayCollectionViewCell.m in Sources */,
				046049D724B990ED0079B78B /* CCPActionSheetView.m in Sources */,
				046049DB24B9945F0079B78B /* ImagePlayerView.m in Sources */,
				04613E5524B89BD5009CD89D /* MDB_ShareExstensionUserDefault.m in Sources */,
				046049BD24B980AF0079B78B /* MainTongJiFenXiViewController.m in Sources */,
				04613E3E24B89A5E009CD89D /* UITextView+Placeholder.m in Sources */,
				046049F324B9B8560079B78B /* ZiDingYiPeiZhiHeaderView.m in Sources */,
				046049E724B99ABC0079B78B /* RiLiZhouCollectionViewCell.m in Sources */,
				046049B724B980940079B78B /* MainHomeViewController.m in Sources */,
				04613E4724B89A5E009CD89D /* UITabBar+badge.m in Sources */,
				04613E0D24B89A3F009CD89D /* VTMagicController.m in Sources */,
				04613E1224B89A3F009CD89D /* VTMagicView.m in Sources */,
				04613E4224B89A5E009CD89D /* UIButton+HQCustomIcon.m in Sources */,
				04613DE424B8964D009CD89D /* ViewController.m in Sources */,
				04613E5D24B89C37009CD89D /* GMDCircleLoader.m in Sources */,
				04613E1324B89A3F009CD89D /* UIViewController+VTMagic.m in Sources */,
				046049EB24B9B27E0079B78B /* MainMyTableViewCell.m in Sources */,
				046049EF24B9B7060079B78B /* ZiDingYiPeiZhiViewController.m in Sources */,
				04613E4D24B89A5E009CD89D /* TabBarControllerConfig.m in Sources */,
				046049FD24B9BD730079B78B /* ZiDingYiPeiZhiCollectionViewCell.m in Sources */,
				04613E4C24B89A5E009CD89D /* WYCamaImageTools.m in Sources */,
				04613DDE24B8964D009CD89D /* AppDelegate.m in Sources */,
				046049C024B980BB0079B78B /* MainMyViewController.m in Sources */,
				04613E4424B89A5E009CD89D /* NSString+extend.m in Sources */,
				04613E0C24B89A3F009CD89D /* VTContentView.m in Sources */,
				046049A724B964FD0079B78B /* LoginViewController.m in Sources */,
				046049E124B99A2A0079B78B /* HomeZhiBanTongJiView.m in Sources */,
				046049BA24B980A30079B78B /* MainShiShiJianCeViewController.m in Sources */,
				04613E4A24B89A5E009CD89D /* RootTableViewController.m in Sources */,
				04613E0E24B89A3F009CD89D /* VTMenuBar.m in Sources */,
				04613E3D24B89A5E009CD89D /* NSDate+compare.m in Sources */,
				046049DE24B996430079B78B /* HomeJinRiYuJinView.m in Sources */,
				046049C824B9869E0079B78B /* HomeCollectionViewCell.m in Sources */,
				046049D524B990ED0079B78B /* UIView+CCPExtension.m in Sources */,
				046049AC24B965E70079B78B /* LoginView.m in Sources */,
				04613E4024B89A5E009CD89D /* UINavigationBar+FixMargin.m in Sources */,
				04613E5924B89C10009CD89D /* BDKNotifyHUD.m in Sources */,
				04613DEF24B89650009CD89D /* main.m in Sources */,
				046049B024B970160079B78B /* PeiZhiViewController.m in Sources */,
				04613E3F24B89A5E009CD89D /* UIColor+Hex.m in Sources */,
				046049C424B986290079B78B /* MainHomeView.m in Sources */,
				04613E0F24B89A3F009CD89D /* UIButton+VTMagic.m in Sources */,
				04613E4924B89A5E009CD89D /* WYTools.m in Sources */,
				04613E5224B89B9F009CD89D /* HTTPManager.m in Sources */,
				04613E4524B89A5E009CD89D /* UIImage+ExtensionScal.m in Sources */,
				04613E1024B89A3F009CD89D /* UIScrollView+VTMagic.m in Sources */,
				046049FA24B9BCEF0079B78B /* ZiDingYiPeiZhiModel.m in Sources */,
			);
			runOnlyForDeploymentPostprocessing = 0;
		};
/* End PBXSourcesBuildPhase section */

/* Begin PBXVariantGroup section */
		04613DE524B8964D009CD89D /* Main.storyboard */ = {
			isa = PBXVariantGroup;
			children = (
				04613DE624B8964D009CD89D /* Base */,
			);
			name = Main.storyboard;
			sourceTree = "<group>";
		};
		04613DEA24B89650009CD89D /* LaunchScreen.storyboard */ = {
			isa = PBXVariantGroup;
			children = (
				04613DEB24B89650009CD89D /* Base */,
			);
			name = LaunchScreen.storyboard;
			sourceTree = "<group>";
		};
/* End PBXVariantGroup section */

/* Begin XCBuildConfiguration section */
		04613DF024B89650009CD89D /* Debug */ = {
			isa = XCBuildConfiguration;
			buildSettings = {
				ALWAYS_SEARCH_USER_PATHS = NO;
				CLANG_ANALYZER_NONNULL = YES;
				CLANG_ANALYZER_NUMBER_OBJECT_CONVERSION = YES_AGGRESSIVE;
				CLANG_CXX_LANGUAGE_STANDARD = "gnu++14";
				CLANG_CXX_LIBRARY = "libc++";
				CLANG_ENABLE_MODULES = YES;
				CLANG_ENABLE_OBJC_ARC = YES;
				CLANG_ENABLE_OBJC_WEAK = YES;
				CLANG_WARN_BLOCK_CAPTURE_AUTORELEASING = YES;
				CLANG_WARN_BOOL_CONVERSION = YES;
				CLANG_WARN_COMMA = YES;
				CLANG_WARN_CONSTANT_CONVERSION = YES;
				CLANG_WARN_DEPRECATED_OBJC_IMPLEMENTATIONS = YES;
				CLANG_WARN_DIRECT_OBJC_ISA_USAGE = YES_ERROR;
				CLANG_WARN_DOCUMENTATION_COMMENTS = YES;
				CLANG_WARN_EMPTY_BODY = YES;
				CLANG_WARN_ENUM_CONVERSION = YES;
				CLANG_WARN_INFINITE_RECURSION = YES;
				CLANG_WARN_INT_CONVERSION = YES;
				CLANG_WARN_NON_LITERAL_NULL_CONVERSION = YES;
				CLANG_WARN_OBJC_IMPLICIT_RETAIN_SELF = YES;
				CLANG_WARN_OBJC_LITERAL_CONVERSION = YES;
				CLANG_WARN_OBJC_ROOT_CLASS = YES_ERROR;
				CLANG_WARN_RANGE_LOOP_ANALYSIS = YES;
				CLANG_WARN_STRICT_PROTOTYPES = YES;
				CLANG_WARN_SUSPICIOUS_MOVE = YES;
				CLANG_WARN_UNGUARDED_AVAILABILITY = YES_AGGRESSIVE;
				CLANG_WARN_UNREACHABLE_CODE = YES;
				CLANG_WARN__DUPLICATE_METHOD_MATCH = YES;
				COPY_PHASE_STRIP = NO;
				DEBUG_INFORMATION_FORMAT = dwarf;
				ENABLE_STRICT_OBJC_MSGSEND = YES;
				ENABLE_TESTABILITY = YES;
				GCC_C_LANGUAGE_STANDARD = gnu11;
				GCC_DYNAMIC_NO_PIC = NO;
				GCC_NO_COMMON_BLOCKS = YES;
				GCC_OPTIMIZATION_LEVEL = 0;
				GCC_PREPROCESSOR_DEFINITIONS = (
					"DEBUG=1",
					"$(inherited)",
				);
				GCC_WARN_64_TO_32_BIT_CONVERSION = YES;
				GCC_WARN_ABOUT_RETURN_TYPE = YES_ERROR;
				GCC_WARN_UNDECLARED_SELECTOR = YES;
				GCC_WARN_UNINITIALIZED_AUTOS = YES_AGGRESSIVE;
				GCC_WARN_UNUSED_FUNCTION = YES;
				GCC_WARN_UNUSED_VARIABLE = YES;
				IPHONEOS_DEPLOYMENT_TARGET = 13.4;
				MTL_ENABLE_DEBUG_INFO = INCLUDE_SOURCE;
				MTL_FAST_MATH = YES;
				ONLY_ACTIVE_ARCH = YES;
				SDKROOT = iphoneos;
			};
			name = Debug;
		};
		04613DF124B89650009CD89D /* Release */ = {
			isa = XCBuildConfiguration;
			buildSettings = {
				ALWAYS_SEARCH_USER_PATHS = NO;
				CLANG_ANALYZER_NONNULL = YES;
				CLANG_ANALYZER_NUMBER_OBJECT_CONVERSION = YES_AGGRESSIVE;
				CLANG_CXX_LANGUAGE_STANDARD = "gnu++14";
				CLANG_CXX_LIBRARY = "libc++";
				CLANG_ENABLE_MODULES = YES;
				CLANG_ENABLE_OBJC_ARC = YES;
				CLANG_ENABLE_OBJC_WEAK = YES;
				CLANG_WARN_BLOCK_CAPTURE_AUTORELEASING = YES;
				CLANG_WARN_BOOL_CONVERSION = YES;
				CLANG_WARN_COMMA = YES;
				CLANG_WARN_CONSTANT_CONVERSION = YES;
				CLANG_WARN_DEPRECATED_OBJC_IMPLEMENTATIONS = YES;
				CLANG_WARN_DIRECT_OBJC_ISA_USAGE = YES_ERROR;
				CLANG_WARN_DOCUMENTATION_COMMENTS = YES;
				CLANG_WARN_EMPTY_BODY = YES;
				CLANG_WARN_ENUM_CONVERSION = YES;
				CLANG_WARN_INFINITE_RECURSION = YES;
				CLANG_WARN_INT_CONVERSION = YES;
				CLANG_WARN_NON_LITERAL_NULL_CONVERSION = YES;
				CLANG_WARN_OBJC_IMPLICIT_RETAIN_SELF = YES;
				CLANG_WARN_OBJC_LITERAL_CONVERSION = YES;
				CLANG_WARN_OBJC_ROOT_CLASS = YES_ERROR;
				CLANG_WARN_RANGE_LOOP_ANALYSIS = YES;
				CLANG_WARN_STRICT_PROTOTYPES = YES;
				CLANG_WARN_SUSPICIOUS_MOVE = YES;
				CLANG_WARN_UNGUARDED_AVAILABILITY = YES_AGGRESSIVE;
				CLANG_WARN_UNREACHABLE_CODE = YES;
				CLANG_WARN__DUPLICATE_METHOD_MATCH = YES;
				COPY_PHASE_STRIP = NO;
				DEBUG_INFORMATION_FORMAT = "dwarf-with-dsym";
				ENABLE_NS_ASSERTIONS = NO;
				ENABLE_STRICT_OBJC_MSGSEND = YES;
				GCC_C_LANGUAGE_STANDARD = gnu11;
				GCC_NO_COMMON_BLOCKS = YES;
				GCC_WARN_64_TO_32_BIT_CONVERSION = YES;
				GCC_WARN_ABOUT_RETURN_TYPE = YES_ERROR;
				GCC_WARN_UNDECLARED_SELECTOR = YES;
				GCC_WARN_UNINITIALIZED_AUTOS = YES_AGGRESSIVE;
				GCC_WARN_UNUSED_FUNCTION = YES;
				GCC_WARN_UNUSED_VARIABLE = YES;
				IPHONEOS_DEPLOYMENT_TARGET = 13.4;
				MTL_ENABLE_DEBUG_INFO = NO;
				MTL_FAST_MATH = YES;
				SDKROOT = iphoneos;
				VALIDATE_PRODUCT = YES;
			};
			name = Release;
		};
		04613DF324B89650009CD89D /* Debug */ = {
			isa = XCBuildConfiguration;
			baseConfigurationReference = AD7CCC865DE2C84B21906C49 /* Pods-ShuiKu.debug.xcconfig */;
			buildSettings = {
				ASSETCATALOG_COMPILER_APPICON_NAME = AppIcon;
				CODE_SIGN_STYLE = Automatic;
				DEVELOPMENT_TEAM = 97BP9FZK2Y;
				GCC_PREFIX_HEADER = ShuiKu/WYYGDPrefixHeader.pch;
				INFOPLIST_FILE = ShuiKu/Info.plist;
				IPHONEOS_DEPLOYMENT_TARGET = 9.0;
				LD_RUNPATH_SEARCH_PATHS = (
					"$(inherited)",
					"@executable_path/Frameworks",
				);
				PRODUCT_BUNDLE_IDENTIFIER = yx.com.ShuiKu;
				PRODUCT_NAME = "$(TARGET_NAME)";
				TARGETED_DEVICE_FAMILY = "1,2";
			};
			name = Debug;
		};
		04613DF424B89650009CD89D /* Release */ = {
			isa = XCBuildConfiguration;
			baseConfigurationReference = EB15E1DAE170CE71E8CC7F90 /* Pods-ShuiKu.release.xcconfig */;
			buildSettings = {
				ASSETCATALOG_COMPILER_APPICON_NAME = AppIcon;
				CODE_SIGN_STYLE = Automatic;
				DEVELOPMENT_TEAM = 97BP9FZK2Y;
				GCC_PREFIX_HEADER = ShuiKu/WYYGDPrefixHeader.pch;
				INFOPLIST_FILE = ShuiKu/Info.plist;
				IPHONEOS_DEPLOYMENT_TARGET = 9.0;
				LD_RUNPATH_SEARCH_PATHS = (
					"$(inherited)",
					"@executable_path/Frameworks",
				);
				PRODUCT_BUNDLE_IDENTIFIER = yx.com.ShuiKu;
				PRODUCT_NAME = "$(TARGET_NAME)";
				TARGETED_DEVICE_FAMILY = "1,2";
			};
			name = Release;
		};
/* End XCBuildConfiguration section */

/* Begin XCConfigurationList section */
		04613DD424B8964C009CD89D /* Build configuration list for PBXProject "ShuiKu" */ = {
			isa = XCConfigurationList;
			buildConfigurations = (
				04613DF024B89650009CD89D /* Debug */,
				04613DF124B89650009CD89D /* Release */,
			);
			defaultConfigurationIsVisible = 0;
			defaultConfigurationName = Release;
		};
		04613DF224B89650009CD89D /* Build configuration list for PBXNativeTarget "ShuiKu" */ = {
			isa = XCConfigurationList;
			buildConfigurations = (
				04613DF324B89650009CD89D /* Debug */,
				04613DF424B89650009CD89D /* Release */,
			);
			defaultConfigurationIsVisible = 0;
			defaultConfigurationName = Release;
		};
/* End XCConfigurationList section */
	};
	rootObject = 04613DD124B8964C009CD89D /* Project object */;
}
